// !$*UTF8*$!
{
	archiveVersion = 1;
	classes = {
	};
	objectVersion = 51;
	objects = {

/* Begin PBXBuildFile section */
		185595EA240A7888009122D1 /* ToDoCell.swift in Sources */ = {isa = PBXBuildFile; fileRef = 185595E8240A7888009122D1 /* ToDoCell.swift */; };
		185595EB240A7888009122D1 /* ToDoCell.xib in Resources */ = {isa = PBXBuildFile; fileRef = 185595E9240A7888009122D1 /* ToDoCell.xib */; };
		185AC080240A511800EE256B /* AppDelegate.swift in Sources */ = {isa = PBXBuildFile; fileRef = 185AC07F240A511800EE256B /* AppDelegate.swift */; };
		185AC082240A511800EE256B /* SceneDelegate.swift in Sources */ = {isa = PBXBuildFile; fileRef = 185AC081240A511800EE256B /* SceneDelegate.swift */; };
		185AC084240A511800EE256B /* ViewController.swift in Sources */ = {isa = PBXBuildFile; fileRef = 185AC083240A511800EE256B /* ViewController.swift */; };
		185AC087240A511800EE256B /* Main.storyboard in Resources */ = {isa = PBXBuildFile; fileRef = 185AC085240A511800EE256B /* Main.storyboard */; };
		185AC089240A511D00EE256B /* Assets.xcassets in Resources */ = {isa = PBXBuildFile; fileRef = 185AC088240A511D00EE256B /* Assets.xcassets */; };
		185AC08C240A511D00EE256B /* LaunchScreen.storyboard in Resources */ = {isa = PBXBuildFile; fileRef = 185AC08A240A511D00EE256B /* LaunchScreen.storyboard */; };
		185AC0B6240A730700EE256B /* ToDoEntity.swift in Sources */ = {isa = PBXBuildFile; fileRef = 185AC0B5240A730700EE256B /* ToDoEntity.swift */; };
		CE665B402853454456BF15E7 /* Pods_realmPractice.framework in Frameworks */ = {isa = PBXBuildFile; fileRef = BBBAA45830AC154CAF945267 /* Pods_realmPractice.framework */; };
/* End PBXBuildFile section */

/* Begin PBXFileReference section */
		185595E8240A7888009122D1 /* ToDoCell.swift */ = {isa = PBXFileReference; lastKnownFileType = sourcecode.swift; path = ToDoCell.swift; sourceTree = "<group>"; };
		185595E9240A7888009122D1 /* ToDoCell.xib */ = {isa = PBXFileReference; lastKnownFileType = file.xib; path = ToDoCell.xib; sourceTree = "<group>"; };
		185AC07C240A511800EE256B /* realmPractice.app */ = {isa = PBXFileReference; explicitFileType = wrapper.application; includeInIndex = 0; path = realmPractice.app; sourceTree = BUILT_PRODUCTS_DIR; };
		185AC07F240A511800EE256B /* AppDelegate.swift */ = {isa = PBXFileReference; lastKnownFileType = sourcecode.swift; path = AppDelegate.swift; sourceTree = "<group>"; };
		185AC081240A511800EE256B /* SceneDelegate.swift */ = {isa = PBXFileReference; lastKnownFileType = sourcecode.swift; path = SceneDelegate.swift; sourceTree = "<group>"; };
		185AC083240A511800EE256B /* ViewController.swift */ = {isa = PBXFileReference; lastKnownFileType = sourcecode.swift; path = ViewController.swift; sourceTree = "<group>"; };
		185AC086240A511800EE256B /* Base */ = {isa = PBXFileReference; lastKnownFileType = file.storyboard; name = Base; path = Base.lproj/Main.storyboard; sourceTree = "<group>"; };
		185AC088240A511D00EE256B /* Assets.xcassets */ = {isa = PBXFileReference; lastKnownFileType = folder.assetcatalog; path = Assets.xcassets; sourceTree = "<group>"; };
		185AC08B240A511D00EE256B /* Base */ = {isa = PBXFileReference; lastKnownFileType = file.storyboard; name = Base; path = Base.lproj/LaunchScreen.storyboard; sourceTree = "<group>"; };
		185AC08D240A511D00EE256B /* Info.plist */ = {isa = PBXFileReference; lastKnownFileType = text.plist.xml; path = Info.plist; sourceTree = "<group>"; };
		185AC0B5240A730700EE256B /* ToDoEntity.swift */ = {isa = PBXFileReference; lastKnownFileType = sourcecode.swift; path = ToDoEntity.swift; sourceTree = "<group>"; };
		BBBAA45830AC154CAF945267 /* Pods_realmPractice.framework */ = {isa = PBXFileReference; explicitFileType = wrapper.framework; includeInIndex = 0; path = Pods_realmPractice.framework; sourceTree = BUILT_PRODUCTS_DIR; };
		D2A921EA707B301E845CFB37 /* Pods-realmPractice.release.xcconfig */ = {isa = PBXFileReference; includeInIndex = 1; lastKnownFileType = text.xcconfig; name = "Pods-realmPractice.release.xcconfig"; path = "Target Support Files/Pods-realmPractice/Pods-realmPractice.release.xcconfig"; sourceTree = "<group>"; };
		EA2E41F9D5B0AD4980D10524 /* Pods-realmPractice.debug.xcconfig */ = {isa = PBXFileReference; includeInIndex = 1; lastKnownFileType = text.xcconfig; name = "Pods-realmPractice.debug.xcconfig"; path = "Target Support Files/Pods-realmPractice/Pods-realmPractice.debug.xcconfig"; sourceTree = "<group>"; };
/* End PBXFileReference section */

/* Begin PBXFrameworksBuildPhase section */
		185AC079240A511800EE256B /* Frameworks */ = {
			isa = PBXFrameworksBuildPhase;
			buildActionMask = 2147483647;
			files = (
				CE665B402853454456BF15E7 /* Pods_realmPractice.framework in Frameworks */,
			);
			runOnlyForDeploymentPostprocessing = 0;
		};
/* End PBXFrameworksBuildPhase section */

/* Begin PBXGroup section */
		185595E5240A7836009122D1 /* View */ = {
			isa = PBXGroup;
			children = (
				185595E8240A7888009122D1 /* ToDoCell.swift */,
				185595E9240A7888009122D1 /* ToDoCell.xib */,
			);
			path = View;
			sourceTree = "<group>";
		};
		185AC073240A511800EE256B = {
			isa = PBXGroup;
			children = (
				185AC07E240A511800EE256B /* realmPractice */,
				185AC07D240A511800EE256B /* Products */,
				5F8B86DEAC3EBA6D8D84840F /* Pods */,
				7F0EDEA0A62F9CA893A1F60E /* Frameworks */,
			);
			sourceTree = "<group>";
		};
		185AC07D240A511800EE256B /* Products */ = {
			isa = PBXGroup;
			children = (
				185AC07C240A511800EE256B /* realmPractice.app */,
			);
			name = Products;
			sourceTree = "<group>";
		};
		185AC07E240A511800EE256B /* realmPractice */ = {
			isa = PBXGroup;
			children = (
				185AC07F240A511800EE256B /* AppDelegate.swift */,
				185AC081240A511800EE256B /* SceneDelegate.swift */,
				185AC0B7240A730B00EE256B /* Model */,
				185AC0B8240A731800EE256B /* ViewController */,
				185595E5240A7836009122D1 /* View */,
				185AC085240A511800EE256B /* Main.storyboard */,
				185AC088240A511D00EE256B /* Assets.xcassets */,
				185AC08A240A511D00EE256B /* LaunchScreen.storyboard */,
				185AC08D240A511D00EE256B /* Info.plist */,
			);
			path = realmPractice;
			sourceTree = "<group>";
		};
		185AC0B7240A730B00EE256B /* Model */ = {
			isa = PBXGroup;
			children = (
				185AC0B5240A730700EE256B /* ToDoEntity.swift */,
			);
			path = Model;
			sourceTree = "<group>";
		};
		185AC0B8240A731800EE256B /* ViewController */ = {
			isa = PBXGroup;
			children = (
				185AC083240A511800EE256B /* ViewController.swift */,
			);
			path = ViewController;
			sourceTree = "<group>";
		};
		5F8B86DEAC3EBA6D8D84840F /* Pods */ = {
			isa = PBXGroup;
			children = (
				EA2E41F9D5B0AD4980D10524 /* Pods-realmPractice.debug.xcconfig */,
				D2A921EA707B301E845CFB37 /* Pods-realmPractice.release.xcconfig */,
			);
			path = Pods;
			sourceTree = "<group>";
		};
		7F0EDEA0A62F9CA893A1F60E /* Frameworks */ = {
			isa = PBXGroup;
			children = (
				BBBAA45830AC154CAF945267 /* Pods_realmPractice.framework */,
			);
			name = Frameworks;
			sourceTree = "<group>";
		};
/* End PBXGroup section */

/* Begin PBXNativeTarget section */
		185AC07B240A511800EE256B /* realmPractice */ = {
			isa = PBXNativeTarget;
			buildConfigurationList = 185AC090240A511D00EE256B /* Build configuration list for PBXNativeTarget "realmPractice" */;
			buildPhases = (
				53540FEBB459A222E30C6763 /* [CP] Check Pods Manifest.lock */,
				185AC078240A511800EE256B /* Sources */,
				185AC079240A511800EE256B /* Frameworks */,
				185AC07A240A511800EE256B /* Resources */,
				57F27B8CC04222D806020572 /* [CP] Embed Pods Frameworks */,
			);
			buildRules = (
			);
			dependencies = (
			);
			name = realmPractice;
			productName = realmPractice;
			productReference = 185AC07C240A511800EE256B /* realmPractice.app */;
			productType = "com.apple.product-type.application";
		};
/* End PBXNativeTarget section */

/* Begin PBXProject section */
		185AC074240A511800EE256B /* Project object */ = {
			isa = PBXProject;
			attributes = {
				LastSwiftUpdateCheck = 1130;
				LastUpgradeCheck = 1130;
				ORGANIZATIONNAME = yamolean;
				TargetAttributes = {
					185AC07B240A511800EE256B = {
						CreatedOnToolsVersion = 11.3.1;
					};
				};
			};
			buildConfigurationList = 185AC077240A511800EE256B /* Build configuration list for PBXProject "realmPractice" */;
			compatibilityVersion = "Xcode 9.3";
			developmentRegion = en;
			hasScannedForEncodings = 0;
			knownRegions = (
				en,
				Base,
			);
			mainGroup = 185AC073240A511800EE256B;
			productRefGroup = 185AC07D240A511800EE256B /* Products */;
			projectDirPath = "";
			projectRoot = "";
			targets = (
				185AC07B240A511800EE256B /* realmPractice */,
			);
		};
/* End PBXProject section */

/* Begin PBXResourcesBuildPhase section */
		185AC07A240A511800EE256B /* Resources */ = {
			isa = PBXResourcesBuildPhase;
			buildActionMask = 2147483647;
			files = (
				185AC08C240A511D00EE256B /* LaunchScreen.storyboard in Resources */,
				185AC089240A511D00EE256B /* Assets.xcassets in Resources */,
				185AC087240A511800EE256B /* Main.storyboard in Resources */,
				185595EB240A7888009122D1 /* ToDoCell.xib in Resources */,
			);
			runOnlyForDeploymentPostprocessing = 0;
		};
/* End PBXResourcesBuildPhase section */

/* Begin PBXShellScriptBuildPhase section */
		53540FEBB459A222E30C6763 /* [CP] Check Pods Manifest.lock */ = {
			isa = PBXShellScriptBuildPhase;
			buildActionMask = 2147483647;
			files = (
			);
			inputFileListPaths = (
			);
			inputPaths = (
				"${PODS_PODFILE_DIR_PATH}/Podfile.lock",
				"${PODS_ROOT}/Manifest.lock",
			);
			name = "[CP] Check Pods Manifest.lock";
			outputFileListPaths = (
			);
			outputPaths = (
				"$(DERIVED_FILE_DIR)/Pods-realmPractice-checkManifestLockResult.txt",
			);
			runOnlyForDeploymentPostprocessing = 0;
			shellPath = /bin/sh;
			shellScript = "diff \"${PODS_PODFILE_DIR_PATH}/Podfile.lock\" \"${PODS_ROOT}/Manifest.lock\" > /dev/null\nif [ $? != 0 ] ; then\n    # print error to STDERR\n    echo \"error: The sandbox is not in sync with the Podfile.lock. Run 'pod install' or update your CocoaPods installation.\" >&2\n    exit 1\nfi\n# This output is used by Xcode 'outputs' to avoid re-running this script phase.\necho \"SUCCESS\" > \"${SCRIPT_OUTPUT_FILE_0}\"\n";
			showEnvVarsInLog = 0;
		};
		57F27B8CC04222D806020572 /* [CP] Embed Pods Frameworks */ = {
			isa = PBXShellScriptBuildPhase;
			buildActionMask = 2147483647;
			files = (
			);
			inputFileListPaths = (
				"${PODS_ROOT}/Target Support Files/Pods-realmPractice/Pods-realmPractice-frameworks-${CONFIGURATION}-input-files.xcfilelist",
			);
			name = "[CP] Embed Pods Frameworks";
			outputFileListPaths = (
				"${PODS_ROOT}/Target Support Files/Pods-realmPractice/Pods-realmPractice-frameworks-${CONFIGURATION}-output-files.xcfilelist",
			);
			runOnlyForDeploymentPostprocessing = 0;
			shellPath = /bin/sh;
			shellScript = "\"${PODS_ROOT}/Target Support Files/Pods-realmPractice/Pods-realmPractice-frameworks.sh\"\n";
			showEnvVarsInLog = 0;
		};
/* End PBXShellScriptBuildPhase section */

/* Begin PBXSourcesBuildPhase section */
		185AC078240A511800EE256B /* Sources */ = {
			isa = PBXSourcesBuildPhase;
			buildActionMask = 2147483647;
			files = (
				185AC084240A511800EE256B /* ViewController.swift in Sources */,
				185AC080240A511800EE256B /* AppDelegate.swift in Sources */,
				185AC0B6240A730700EE256B /* ToDoEntity.swift in Sources */,
				185AC082240A511800EE256B /* SceneDelegate.swift in Sources */,
				185595EA240A7888009122D1 /* ToDoCell.swift in Sources */,
			);
			runOnlyForDeploymentPostprocessing = 0;
		};
/* End PBXSourcesBuildPhase section */

/* Begin PBXVariantGroup section */
		185AC085240A511800EE256B /* Main.storyboard */ = {
			isa = PBXVariantGroup;
			children = (
				185AC086240A511800EE256B /* Base */,
			);
			name = Main.storyboard;
			sourceTree = "<group>";
		};
		185AC08A240A511D00EE256B /* LaunchScreen.storyboard */ = {
			isa = PBXVariantGroup;
			children = (
				185AC08B240A511D00EE256B /* Base */,
			);
			name = LaunchScreen.storyboard;
			sourceTree = "<group>";
		};
/* End PBXVariantGroup section */

/* Begin XCBuildConfiguration section */
		185AC08E240A511D00EE256B /* Debug */ = {
			isa = XCBuildConfiguration;
			buildSettings = {
				ALWAYS_SEARCH_USER_PATHS = NO;
				CLANG_ANALYZER_NONNULL = YES;
				CLANG_ANALYZER_NUMBER_OBJECT_CONVERSION = YES_AGGRESSIVE;
				CLANG_CXX_LANGUAGE_STANDARD = "gnu++14";
				CLANG_CXX_LIBRARY = "libc++";
				CLANG_ENABLE_MODULES = YES;
				CLANG_ENABLE_OBJC_ARC = YES;
				CLANG_ENABLE_OBJC_WEAK = YES;
				CLANG_WARN_BLOCK_CAPTURE_AUTORELEASING = YES;
				CLANG_WARN_BOOL_CONVERSION = YES;
				CLANG_WARN_COMMA = YES;
				CLANG_WARN_CONSTANT_CONVERSION = YES;
				CLANG_WARN_DEPRECATED_OBJC_IMPLEMENTATIONS = YES;
				CLANG_WARN_DIRECT_OBJC_ISA_USAGE = YES_ERROR;
				CLANG_WARN_DOCUMENTATION_COMMENTS = YES;
				CLANG_WARN_EMPTY_BODY = YES;
				CLANG_WARN_ENUM_CONVERSION = YES;
				CLANG_WARN_INFINITE_RECURSION = YES;
				CLANG_WARN_INT_CONVERSION = YES;
				CLANG_WARN_NON_LITERAL_NULL_CONVERSION = YES;
				CLANG_WARN_OBJC_IMPLICIT_RETAIN_SELF = YES;
				CLANG_WARN_OBJC_LITERAL_CONVERSION = YES;
				CLANG_WARN_OBJC_ROOT_CLASS = YES_ERROR;
				CLANG_WARN_RANGE_LOOP_ANALYSIS = YES;
				CLANG_WARN_STRICT_PROTOTYPES = YES;
				CLANG_WARN_SUSPICIOUS_MOVE = YES;
				CLANG_WARN_UNGUARDED_AVAILABILITY = YES_AGGRESSIVE;
				CLANG_WARN_UNREACHABLE_CODE = YES;
				CLANG_WARN__DUPLICATE_METHOD_MATCH = YES;
				COPY_PHASE_STRIP = NO;
				DEBUG_INFORMATION_FORMAT = dwarf;
				ENABLE_STRICT_OBJC_MSGSEND = YES;
				ENABLE_TESTABILITY = YES;
				GCC_C_LANGUAGE_STANDARD = gnu11;
				GCC_DYNAMIC_NO_PIC = NO;
				GCC_NO_COMMON_BLOCKS = YES;
				GCC_OPTIMIZATION_LEVEL = 0;
				GCC_PREPROCESSOR_DEFINITIONS = (
					"DEBUG=1",
					"$(inherited)",
				);
				GCC_WARN_64_TO_32_BIT_CONVERSION = YES;
				GCC_WARN_ABOUT_RETURN_TYPE = YES_ERROR;
				GCC_WARN_UNDECLARED_SELECTOR = YES;
				GCC_WARN_UNINITIALIZED_AUTOS = YES_AGGRESSIVE;
				GCC_WARN_UNUSED_FUNCTION = YES;
				GCC_WARN_UNUSED_VARIABLE = YES;
				IPHONEOS_DEPLOYMENT_TARGET = 13.2;
				MTL_ENABLE_DEBUG_INFO = INCLUDE_SOURCE;
				MTL_FAST_MATH = YES;
				ONLY_ACTIVE_ARCH = YES;
				SDKROOT = iphoneos;
				SWIFT_ACTIVE_COMPILATION_CONDITIONS = DEBUG;
				SWIFT_OPTIMIZATION_LEVEL = "-Onone";
			};
			name = Debug;
		};
		185AC08F240A511D00EE256B /* Release */ = {
			isa = XCBuildConfiguration;
			buildSettings = {
				ALWAYS_SEARCH_USER_PATHS = NO;
				CLANG_ANALYZER_NONNULL = YES;
				CLANG_ANALYZER_NUMBER_OBJECT_CONVERSION = YES_AGGRESSIVE;
				CLANG_CXX_LANGUAGE_STANDARD = "gnu++14";
				CLANG_CXX_LIBRARY = "libc++";
				CLANG_ENABLE_MODULES = YES;
				CLANG_ENABLE_OBJC_ARC = YES;
				CLANG_ENABLE_OBJC_WEAK = YES;
				CLANG_WARN_BLOCK_CAPTURE_AUTORELEASING = YES;
				CLANG_WARN_BOOL_CONVERSION = YES;
				CLANG_WARN_COMMA = YES;
				CLANG_WARN_CONSTANT_CONVERSION = YES;
				CLANG_WARN_DEPRECATED_OBJC_IMPLEMENTATIONS = YES;
				CLANG_WARN_DIRECT_OBJC_ISA_USAGE = YES_ERROR;
				CLANG_WARN_DOCUMENTATION_COMMENTS = YES;
				CLANG_WARN_EMPTY_BODY = YES;
				CLANG_WARN_ENUM_CONVERSION = YES;
				CLANG_WARN_INFINITE_RECURSION = YES;
				CLANG_WARN_INT_CONVERSION = YES;
				CLANG_WARN_NON_LITERAL_NULL_CONVERSION = YES;
				CLANG_WARN_OBJC_IMPLICIT_RETAIN_SELF = YES;
				CLANG_WARN_OBJC_LITERAL_CONVERSION = YES;
				CLANG_WARN_OBJC_ROOT_CLASS = YES_ERROR;
				CLANG_WARN_RANGE_LOOP_ANALYSIS = YES;
				CLANG_WARN_STRICT_PROTOTYPES = YES;
				CLANG_WARN_SUSPICIOUS_MOVE = YES;
				CLANG_WARN_UNGUARDED_AVAILABILITY = YES_AGGRESSIVE;
				CLANG_WARN_UNREACHABLE_CODE = YES;
				CLANG_WARN__DUPLICATE_METHOD_MATCH = YES;
				COPY_PHASE_STRIP = NO;
				DEBUG_INFORMATION_FORMAT = "dwarf-with-dsym";
				ENABLE_NS_ASSERTIONS = NO;
				ENABLE_STRICT_OBJC_MSGSEND = YES;
				GCC_C_LANGUAGE_STANDARD = gnu11;
				GCC_NO_COMMON_BLOCKS = YES;
				GCC_WARN_64_TO_32_BIT_CONVERSION = YES;
				GCC_WARN_ABOUT_RETURN_TYPE = YES_ERROR;
				GCC_WARN_UNDECLARED_SELECTOR = YES;
				GCC_WARN_UNINITIALIZED_AUTOS = YES_AGGRESSIVE;
				GCC_WARN_UNUSED_FUNCTION = YES;
				GCC_WARN_UNUSED_VARIABLE = YES;
				IPHONEOS_DEPLOYMENT_TARGET = 13.2;
				MTL_ENABLE_DEBUG_INFO = NO;
				MTL_FAST_MATH = YES;
				SDKROOT = iphoneos;
				SWIFT_COMPILATION_MODE = wholemodule;
				SWIFT_OPTIMIZATION_LEVEL = "-O";
				VALIDATE_PRODUCT = YES;
			};
			name = Release;
		};
		185AC091240A511D00EE256B /* Debug */ = {
			isa = XCBuildConfiguration;
			baseConfigurationReference = EA2E41F9D5B0AD4980D10524 /* Pods-realmPractice.debug.xcconfig */;
			buildSettings = {
				ASSETCATALOG_COMPILER_APPICON_NAME = AppIcon;
				CODE_SIGN_STYLE = Automatic;
				INFOPLIST_FILE = realmPractice/Info.plist;
				LD_RUNPATH_SEARCH_PATHS = (
					"$(inherited)",
					"@executable_path/Frameworks",
				);
				PRODUCT_BUNDLE_IDENTIFIER = yamolean.realmPractice;
				PRODUCT_NAME = "$(TARGET_NAME)";
				SWIFT_VERSION = 5.0;
				TARGETED_DEVICE_FAMILY = "1,2";
			};
			name = Debug;
		};
		185AC092240A511D00EE256B /* Release */ = {
			isa = XCBuildConfiguration;
			baseConfigurationReference = D2A921EA707B301E845CFB37 /* Pods-realmPractice.release.xcconfig */;
			buildSettings = {
				ASSETCATALOG_COMPILER_APPICON_NAME = AppIcon;
				CODE_SIGN_STYLE = Automatic;
				INFOPLIST_FILE = realmPractice/Info.plist;
				LD_RUNPATH_SEARCH_PATHS = (
					"$(inherited)",
					"@executable_path/Frameworks",
				);
				PRODUCT_BUNDLE_IDENTIFIER = yamolean.realmPractice;
				PRODUCT_NAME = "$(TARGET_NAME)";
				SWIFT_VERSION = 5.0;
				TARGETED_DEVICE_FAMILY = "1,2";
			};
			name = Release;
		};
/* End XCBuildConfiguration section */

/* Begin XCConfigurationList section */
		185AC077240A511800EE256B /* Build configuration list for PBXProject "realmPractice" */ = {
			isa = XCConfigurationList;
			buildConfigurations = (
				185AC08E240A511D00EE256B /* Debug */,
				185AC08F240A511D00EE256B /* Release */,
			);
			defaultConfigurationIsVisible = 0;
			defaultConfigurationName = Release;
		};
		185AC090240A511D00EE256B /* Build configuration list for PBXNativeTarget "realmPractice" */ = {
			isa = XCConfigurationList;
			buildConfigurations = (
				185AC091240A511D00EE256B /* Debug */,
				185AC092240A511D00EE256B /* Release */,
			);
			defaultConfigurationIsVisible = 0;
			defaultConfigurationName = Release;
		};
/* End XCConfigurationList section */
	};
	rootObject = 185AC074240A511800EE256B /* Project object */;
}
